
Microsoft Visual Studio Solution File, Format Version 12.00
# Visual Studio Version 17
VisualStudioVersion = 17.14.35821.62
MinimumVisualStudioVersion = 15.0.26124.0
Project("{9A19103F-16F7-4668-BE54-9A1E7A4F7556}") = "Host", "host\Host.csproj", "{BA02C2D8-35CA-4253-BB0E-815FCEEAD614}"
EndProject
Project("{9A19103F-16F7-4668-BE54-9A1E7A4F7556}") = "ReferenceGame", "reference-game\ReferenceGame.csproj", "{459657DE-92C2-4ACC-94F6-3E700F7F8718}"
EndProject
Project("{9A19103F-16F7-4668-BE54-9A1E7A4F7556}") = "ReferenceClient", "reference-client\ReferenceClient.csproj", "{0FEBD58E-C382-4676-AF22-C6B5BB6D9429}"
EndProject
Project("{2150E333-8FDC-42A3-9474-1A3956D46DE8}") = "Solution Items", "Solution Items", "{3BD1E19C-504A-4933-95E2-5FC9632FF281}"
	ProjectSection(SolutionItems) = preProject
		docfx.json = docfx.json
		Doxyfile = Doxyfile
		GitVersion.yml = GitVersion.yml
		index.md = index.md
		README.md = README.md
	EndProjectSection
EndProject
Project("{2150E333-8FDC-42A3-9474-1A3956D46DE8}") = "workflows", "workflows", "{CBA9F509-067E-4FF7-A169-F9C8E6A1FC85}"
	ProjectSection(SolutionItems) = preProject
		.github\workflows\build.yml = .github\workflows\build.yml
		.github\workflows\docs.yml = .github\workflows\docs.yml
		.github\workflows\publish.yml = .github\workflows\publish.yml
		.github\workflows\stale.yml = .github\workflows\stale.yml
	EndProjectSection
EndProject
Global
	GlobalSection(SolutionConfigurationPlatforms) = preSolution
		Debug|Any CPU = Debug|Any CPU
		Debug|x64 = Debug|x64
		Debug|x86 = Debug|x86
		Release|Any CPU = Release|Any CPU
		Release|x64 = Release|x64
		Release|x86 = Release|x86
	EndGlobalSection
	GlobalSection(ProjectConfigurationPlatforms) = postSolution
		{BA02C2D8-35CA-4253-BB0E-815FCEEAD614}.Debug|Any CPU.ActiveCfg = Debug|Any CPU
		{BA02C2D8-35CA-4253-BB0E-815FCEEAD614}.Debug|Any CPU.Build.0 = Debug|Any CPU
		{BA02C2D8-35CA-4253-BB0E-815FCEEAD614}.Debug|x64.ActiveCfg = Debug|Any CPU
		{BA02C2D8-35CA-4253-BB0E-815FCEEAD614}.Debug|x64.Build.0 = Debug|Any CPU
		{BA02C2D8-35CA-4253-BB0E-815FCEEAD614}.Debug|x86.ActiveCfg = Debug|Any CPU
		{BA02C2D8-35CA-4253-BB0E-815FCEEAD614}.Debug|x86.Build.0 = Debug|Any CPU
		{BA02C2D8-35CA-4253-BB0E-815FCEEAD614}.Release|Any CPU.ActiveCfg = Release|Any CPU
		{BA02C2D8-35CA-4253-BB0E-815FCEEAD614}.Release|Any CPU.Build.0 = Release|Any CPU
		{BA02C2D8-35CA-4253-BB0E-815FCEEAD614}.Release|x64.ActiveCfg = Release|Any CPU
		{BA02C2D8-35CA-4253-BB0E-815FCEEAD614}.Release|x64.Build.0 = Release|Any CPU
		{BA02C2D8-35CA-4253-BB0E-815FCEEAD614}.Release|x86.ActiveCfg = Release|Any CPU
		{BA02C2D8-35CA-4253-BB0E-815FCEEAD614}.Release|x86.Build.0 = Release|Any CPU
		{459657DE-92C2-4ACC-94F6-3E700F7F8718}.Debug|Any CPU.ActiveCfg = Debug|Any CPU
		{459657DE-92C2-4ACC-94F6-3E700F7F8718}.Debug|Any CPU.Build.0 = Debug|Any CPU
		{459657DE-92C2-4ACC-94F6-3E700F7F8718}.Debug|x64.ActiveCfg = Debug|Any CPU
		{459657DE-92C2-4ACC-94F6-3E700F7F8718}.Debug|x64.Build.0 = Debug|Any CPU
		{459657DE-92C2-4ACC-94F6-3E700F7F8718}.Debug|x86.ActiveCfg = Debug|Any CPU
		{459657DE-92C2-4ACC-94F6-3E700F7F8718}.Debug|x86.Build.0 = Debug|Any CPU
		{459657DE-92C2-4ACC-94F6-3E700F7F8718}.Release|Any CPU.ActiveCfg = Release|Any CPU
		{459657DE-92C2-4ACC-94F6-3E700F7F8718}.Release|Any CPU.Build.0 = Release|Any CPU
		{459657DE-92C2-4ACC-94F6-3E700F7F8718}.Release|x64.ActiveCfg = Release|Any CPU
		{459657DE-92C2-4ACC-94F6-3E700F7F8718}.Release|x64.Build.0 = Release|Any CPU
		{459657DE-92C2-4ACC-94F6-3E700F7F8718}.Release|x86.ActiveCfg = Release|Any CPU
		{459657DE-92C2-4ACC-94F6-3E700F7F8718}.Release|x86.Build.0 = Release|Any CPU
		{0FEBD58E-C382-4676-AF22-C6B5BB6D9429}.Debug|Any CPU.ActiveCfg = Debug|Any CPU
		{0FEBD58E-C382-4676-AF22-C6B5BB6D9429}.Debug|Any CPU.Build.0 = Debug|Any CPU
		{0FEBD58E-C382-4676-AF22-C6B5BB6D9429}.Debug|x64.ActiveCfg = Debug|Any CPU
		{0FEBD58E-C382-4676-AF22-C6B5BB6D9429}.Debug|x64.Build.0 = Debug|Any CPU
		{0FEBD58E-C382-4676-AF22-C6B5BB6D9429}.Debug|x86.ActiveCfg = Debug|Any CPU
		{0FEBD58E-C382-4676-AF22-C6B5BB6D9429}.Debug|x86.Build.0 = Debug|Any CPU
		{0FEBD58E-C382-4676-AF22-C6B5BB6D9429}.Release|Any CPU.ActiveCfg = Release|Any CPU
		{0FEBD58E-C382-4676-AF22-C6B5BB6D9429}.Release|Any CPU.Build.0 = Release|Any CPU
		{0FEBD58E-C382-4676-AF22-C6B5BB6D9429}.Release|x64.ActiveCfg = Release|Any CPU
		{0FEBD58E-C382-4676-AF22-C6B5BB6D9429}.Release|x64.Build.0 = Release|Any CPU
		{0FEBD58E-C382-4676-AF22-C6B5BB6D9429}.Release|x86.ActiveCfg = Release|Any CPU
		{0FEBD58E-C382-4676-AF22-C6B5BB6D9429}.Release|x86.Build.0 = Release|Any CPU
	EndGlobalSection
	GlobalSection(SolutionProperties) = preSolution
		HideSolutionNode = FALSE
	EndGlobalSection
	GlobalSection(NestedProjects) = preSolution
		{CBA9F509-067E-4FF7-A169-F9C8E6A1FC85} = {3BD1E19C-504A-4933-95E2-5FC9632FF281}
	EndGlobalSection
	GlobalSection(ExtensibilityGlobals) = postSolution
		SolutionGuid = {7AA2DF43-A121-477D-9BD0-FEFBF704FB85}
	EndGlobalSection
EndGlobal
